
Microsoft Visual Studio Solution File, Format Version 12.00
# Visual Studio Version 16
VisualStudioVersion = 16.0.31702.278
MinimumVisualStudioVersion = 10.0.40219.1
Project("{FAE04EC0-301F-11D3-BF4B-00C04F79EFBC}") = "TextGame", "TextGame\TextGame.csproj", "{9395D1A9-4E5E-42F8-B208-99ECAEEBF2C8}"
EndProject
Project("{FAE04EC0-301F-11D3-BF4B-00C04F79EFBC}") = "ClassLibrary1", "ClassLibrary1\ClassLibrary1.csproj", "{73E4CC41-A5DB-4D23-B61D-EDD39F31F95F}"
EndProject
Global
	GlobalSection(SolutionConfigurationPlatforms) = preSolution
		Debug|Any CPU = Debug|Any CPU
		Release|Any CPU = Release|Any CPU
	EndGlobalSection
	GlobalSection(ProjectConfigurationPlatforms) = postSolution
		{9395D1A9-4E5E-42F8-B208-99ECAEEBF2C8}.Debug|Any CPU.ActiveCfg = Debug|Any CPU
		{9395D1A9-4E5E-42F8-B208-99ECAEEBF2C8}.Debug|Any CPU.Build.0 = Debug|Any CPU
		{9395D1A9-4E5E-42F8-B208-99ECAEEBF2C8}.Release|Any CPU.ActiveCfg = Release|Any CPU
		{9395D1A9-4E5E-42F8-B208-99ECAEEBF2C8}.Release|Any CPU.Build.0 = Release|Any CPU
		{73E4CC41-A5DB-4D23-B61D-EDD39F31F95F}.Debug|Any CPU.ActiveCfg = Debug|Any CPU
		{73E4CC41-A5DB-4D23-B61D-EDD39F31F95F}.Debug|Any CPU.Build.0 = Debug|Any CPU
		{73E4CC41-A5DB-4D23-B61D-EDD39F31F95F}.Release|Any CPU.ActiveCfg = Release|Any CPU
		{73E4CC41-A5DB-4D23-B61D-EDD39F31F95F}.Release|Any CPU.Build.0 = Release|Any CPU
	EndGlobalSection
	GlobalSection(SolutionProperties) = preSolution
		HideSolutionNode = FALSE
	EndGlobalSection
	GlobalSection(ExtensibilityGlobals) = postSolution
		SolutionGuid = {EF3DCA98-15B0-46C9-AC7C-EDDEB8DDB2DD}
	EndGlobalSection
EndGlobal
